
Microsoft Visual Studio Solution File, Format Version 12.00
# Visual Studio 15
VisualStudioVersion = 15.0.28307.1169
MinimumVisualStudioVersion = 10.0.40219.1
Project("{FAE04EC0-301F-11D3-BF4B-00C04F79EFBC}") = "ExampleBrowser", "ExampleBrowser.csproj", "{991A4C2B-D830-41CB-A810-047ADCF69219}"
EndProject
Project("{FAE04EC0-301F-11D3-BF4B-00C04F79EFBC}") = "AsyncLoadLargeNumberImages", "..\AsyncLoadLargeNumberImages\AsyncLoadLargeNumberImages.csproj", "{9B8AF41B-23A4-4C94-B203-CEA1AD4C1FA0}"
EndProject
Project("{FAE04EC0-301F-11D3-BF4B-00C04F79EFBC}") = "TreeViewDemo", "..\TreeViewDemo\TreeViewDemo.csproj", "{D31035A6-830C-4BB9-9E23-F8A13F114744}"
EndProject
Project("{FAE04EC0-301F-11D3-BF4B-00C04F79EFBC}") = "WPF日常例子", "..\WPF日常例子\WPF日常例子.csproj", "{3A41202E-BB1A-4F8C-B58C-8E5B63821F4F}"
EndProject
Global
	GlobalSection(SolutionConfigurationPlatforms) = preSolution
		Debug|Any CPU = Debug|Any CPU
		Release|Any CPU = Release|Any CPU
	EndGlobalSection
	GlobalSection(ProjectConfigurationPlatforms) = postSolution
		{991A4C2B-D830-41CB-A810-047ADCF69219}.Debug|Any CPU.ActiveCfg = Debug|Any CPU
		{991A4C2B-D830-41CB-A810-047ADCF69219}.Debug|Any CPU.Build.0 = Debug|Any CPU
		{991A4C2B-D830-41CB-A810-047ADCF69219}.Release|Any CPU.ActiveCfg = Release|Any CPU
		{991A4C2B-D830-41CB-A810-047ADCF69219}.Release|Any CPU.Build.0 = Release|Any CPU
		{9B8AF41B-23A4-4C94-B203-CEA1AD4C1FA0}.Debug|Any CPU.ActiveCfg = Debug|Any CPU
		{9B8AF41B-23A4-4C94-B203-CEA1AD4C1FA0}.Debug|Any CPU.Build.0 = Debug|Any CPU
		{9B8AF41B-23A4-4C94-B203-CEA1AD4C1FA0}.Release|Any CPU.ActiveCfg = Release|Any CPU
		{9B8AF41B-23A4-4C94-B203-CEA1AD4C1FA0}.Release|Any CPU.Build.0 = Release|Any CPU
		{D31035A6-830C-4BB9-9E23-F8A13F114744}.Debug|Any CPU.ActiveCfg = Debug|Any CPU
		{D31035A6-830C-4BB9-9E23-F8A13F114744}.Debug|Any CPU.Build.0 = Debug|Any CPU
		{D31035A6-830C-4BB9-9E23-F8A13F114744}.Release|Any CPU.ActiveCfg = Release|Any CPU
		{D31035A6-830C-4BB9-9E23-F8A13F114744}.Release|Any CPU.Build.0 = Release|Any CPU
		{3A41202E-BB1A-4F8C-B58C-8E5B63821F4F}.Debug|Any CPU.ActiveCfg = Debug|Any CPU
		{3A41202E-BB1A-4F8C-B58C-8E5B63821F4F}.Debug|Any CPU.Build.0 = Debug|Any CPU
		{3A41202E-BB1A-4F8C-B58C-8E5B63821F4F}.Release|Any CPU.ActiveCfg = Release|Any CPU
		{3A41202E-BB1A-4F8C-B58C-8E5B63821F4F}.Release|Any CPU.Build.0 = Release|Any CPU
	EndGlobalSection
	GlobalSection(SolutionProperties) = preSolution
		HideSolutionNode = FALSE
	EndGlobalSection
	GlobalSection(ExtensibilityGlobals) = postSolution
		SolutionGuid = {3A521FB4-DADD-45E0-8C58-EE4BA9E82064}
	EndGlobalSection
EndGlobal
