
Microsoft Visual Studio Solution File, Format Version 12.00
# Visual Studio Version 16
VisualStudioVersion = 16.0.30104.148
MinimumVisualStudioVersion = 10.0.40219.1
Project("{FAE04EC0-301F-11D3-BF4B-00C04F79EFBC}") = "MultimediaTimer", "MultimediaTimer\MultimediaTimer.csproj", "{839A0F64-5E9C-4C8C-A461-AC82C8012AC6}"
EndProject
Project("{FAE04EC0-301F-11D3-BF4B-00C04F79EFBC}") = "HighPrecisionTimer", "HighPrecisionTimer\HighPrecisionTimer.csproj", "{6271749A-F14F-4C6B-8F5F-DD4434E44CF5}"
EndProject
Global
	GlobalSection(SolutionConfigurationPlatforms) = preSolution
		Debug|Any CPU = Debug|Any CPU
		Release|Any CPU = Release|Any CPU
	EndGlobalSection
	GlobalSection(ProjectConfigurationPlatforms) = postSolution
		{839A0F64-5E9C-4C8C-A461-AC82C8012AC6}.Debug|Any CPU.ActiveCfg = Debug|Any CPU
		{839A0F64-5E9C-4C8C-A461-AC82C8012AC6}.Debug|Any CPU.Build.0 = Debug|Any CPU
		{839A0F64-5E9C-4C8C-A461-AC82C8012AC6}.Release|Any CPU.ActiveCfg = Release|Any CPU
		{839A0F64-5E9C-4C8C-A461-AC82C8012AC6}.Release|Any CPU.Build.0 = Release|Any CPU
		{6271749A-F14F-4C6B-8F5F-DD4434E44CF5}.Debug|Any CPU.ActiveCfg = Debug|Any CPU
		{6271749A-F14F-4C6B-8F5F-DD4434E44CF5}.Debug|Any CPU.Build.0 = Debug|Any CPU
		{6271749A-F14F-4C6B-8F5F-DD4434E44CF5}.Release|Any CPU.ActiveCfg = Release|Any CPU
		{6271749A-F14F-4C6B-8F5F-DD4434E44CF5}.Release|Any CPU.Build.0 = Release|Any CPU
	EndGlobalSection
	GlobalSection(SolutionProperties) = preSolution
		HideSolutionNode = FALSE
	EndGlobalSection
	GlobalSection(ExtensibilityGlobals) = postSolution
		SolutionGuid = {93CF96E7-39B4-47EC-913D-8E90C7C316A2}
	EndGlobalSection
EndGlobal
